
Microsoft Visual Studio Solution File, Format Version 12.00
# Visual Studio 15
VisualStudioVersion = 15.0.28307.438
MinimumVisualStudioVersion = 10.0.40219.1
Project("{FAE04EC0-301F-11D3-BF4B-00C04F79EFBC}") = "Ini_Reader", "Ini_Reader\Ini_Reader.csproj", "{CC76B490-1E03-4A0B-BCD3-7BA9EB390113}"
EndProject
Global
	GlobalSection(SolutionConfigurationPlatforms) = preSolution
		Debug|Any CPU = Debug|Any CPU
		Release|Any CPU = Release|Any CPU
	EndGlobalSection
	GlobalSection(ProjectConfigurationPlatforms) = postSolution
		{CC76B490-1E03-4A0B-BCD3-7BA9EB390113}.Debug|Any CPU.ActiveCfg = Debug|Any CPU
		{CC76B490-1E03-4A0B-BCD3-7BA9EB390113}.Debug|Any CPU.Build.0 = Debug|Any CPU
		{CC76B490-1E03-4A0B-BCD3-7BA9EB390113}.Release|Any CPU.ActiveCfg = Release|Any CPU
		{CC76B490-1E03-4A0B-BCD3-7BA9EB390113}.Release|Any CPU.Build.0 = Release|Any CPU
	EndGlobalSection
	GlobalSection(SolutionProperties) = preSolution
		HideSolutionNode = FALSE
	EndGlobalSection
	GlobalSection(ExtensibilityGlobals) = postSolution
		SolutionGuid = {A13A6B45-AEBE-4191-90A2-3CF8219870E6}
	EndGlobalSection
EndGlobal
